
Microsoft Visual Studio Solution File, Format Version 12.00
# Visual Studio 15
VisualStudioVersion = 15.0.26403.7
MinimumVisualStudioVersion = 10.0.40219.1
Project("{FAE04EC0-301F-11D3-BF4B-00C04F79EFBC}") = "Filtering", "src\Filtering\Filtering.csproj", "{5B1D0091-5B3B-4F66-A296-3BCF431FCF15}"
EndProject
Project("{FAE04EC0-301F-11D3-BF4B-00C04F79EFBC}") = "FilteringUnitTests", "src\FilteringUnitTests\FilteringUnitTests.csproj", "{F643F4B3-9190-44AD-B0A5-6045528C5917}"
EndProject
Project("{2150E333-8FDC-42A3-9474-1A3956D46DE8}") = "Build", "Build", "{010B4B67-1891-4822-A345-79AC23B9AA2C}"
	ProjectSection(SolutionItems) = preProject
		build\build-framework.fsx = build\build-framework.fsx
		build.fsx = build.fsx
		build\MathNet.Filtering.nuspec = build\MathNet.Filtering.nuspec
		paket.dependencies = paket.dependencies
		paket.lock = paket.lock
	EndProjectSection
EndProject
Project("{2150E333-8FDC-42A3-9474-1A3956D46DE8}") = "Readme", "Readme", "{A253EF4A-4CAF-487B-A552-A9C0E75E8635}"
	ProjectSection(SolutionItems) = preProject
		CONTRIBUTING.md = CONTRIBUTING.md
		CONTRIBUTORS.md = CONTRIBUTORS.md
		LICENSE.md = LICENSE.md
		README.md = README.md
		RELEASENOTES.md = RELEASENOTES.md
	EndProjectSection
EndProject
Project("{FAE04EC0-301F-11D3-BF4B-00C04F79EFBC}") = "Kalman", "src\Kalman\Kalman.csproj", "{5F379F05-5688-48D2-9BFE-08E4D54D360F}"
EndProject
Project("{FAE04EC0-301F-11D3-BF4B-00C04F79EFBC}") = "KalmanUnitTests", "src\KalmanUnitTests\KalmanUnitTests.csproj", "{0984F405-AA19-4785-A3ED-76B874D42022}"
EndProject
Project("{FAE04EC0-301F-11D3-BF4B-00C04F79EFBC}") = "Filtering-Net35", "src\Filtering\Filtering-Net35.csproj", "{1025E8E4-9733-4C08-BDBC-E69E9036C179}"
EndProject
Project("{FAE04EC0-301F-11D3-BF4B-00C04F79EFBC}") = "Filtering-Portable259", "src\Filtering\Filtering-Portable259.csproj", "{94EF3613-EF42-4E4C-B5F1-0E51F0E06A7D}"
EndProject
Project("{FAE04EC0-301F-11D3-BF4B-00C04F79EFBC}") = "Kalman-Net35", "src\Kalman\Kalman-Net35.csproj", "{A56255A2-6A12-4275-A30E-5ACFE7528826}"
EndProject
Project("{FAE04EC0-301F-11D3-BF4B-00C04F79EFBC}") = "Kalman-Portable259", "src\Kalman\Kalman-Portable259.csproj", "{21ED9EE9-6939-4968-81BE-6D719B21A96C}"
EndProject
Project("{2150E333-8FDC-42A3-9474-1A3956D46DE8}") = "Net35", "Net35", "{3E61B79E-0C25-4230-AC38-9BCEEC2F3C25}"
EndProject
Project("{2150E333-8FDC-42A3-9474-1A3956D46DE8}") = "Portable259", "Portable259", "{6C4C5FB7-D70B-4106-A9B6-7125320C5E8D}"
EndProject
Project("{2150E333-8FDC-42A3-9474-1A3956D46DE8}") = "Net40-Signed", "Net40-Signed", "{029EFB23-3335-40CF-BF1C-A4E2A543D40E}"
EndProject
Project("{FAE04EC0-301F-11D3-BF4B-00C04F79EFBC}") = "Filtering-Net40-Signed", "src\Filtering\Filtering-Net40-Signed.csproj", "{1936522E-0F9B-4AC5-ADF3-70979C4A514F}"
EndProject
Project("{FAE04EC0-301F-11D3-BF4B-00C04F79EFBC}") = "Kalman-Net40-Signed", "src\Kalman\Kalman-Net40-Signed.csproj", "{65F7DED7-2FCC-4157-8A98-4F82F0FD4F64}"
EndProject
Global
	GlobalSection(SolutionConfigurationPlatforms) = preSolution
		Debug|Any CPU = Debug|Any CPU
		Release|Any CPU = Release|Any CPU
	EndGlobalSection
	GlobalSection(ProjectConfigurationPlatforms) = postSolution
		{5B1D0091-5B3B-4F66-A296-3BCF431FCF15}.Debug|Any CPU.ActiveCfg = Debug|Any CPU
		{5B1D0091-5B3B-4F66-A296-3BCF431FCF15}.Debug|Any CPU.Build.0 = Debug|Any CPU
		{5B1D0091-5B3B-4F66-A296-3BCF431FCF15}.Release|Any CPU.ActiveCfg = Release|Any CPU
		{5B1D0091-5B3B-4F66-A296-3BCF431FCF15}.Release|Any CPU.Build.0 = Release|Any CPU
		{F643F4B3-9190-44AD-B0A5-6045528C5917}.Debug|Any CPU.ActiveCfg = Debug|Any CPU
		{F643F4B3-9190-44AD-B0A5-6045528C5917}.Debug|Any CPU.Build.0 = Debug|Any CPU
		{F643F4B3-9190-44AD-B0A5-6045528C5917}.Release|Any CPU.ActiveCfg = Release|Any CPU
		{F643F4B3-9190-44AD-B0A5-6045528C5917}.Release|Any CPU.Build.0 = Release|Any CPU
		{5F379F05-5688-48D2-9BFE-08E4D54D360F}.Debug|Any CPU.ActiveCfg = Debug|Any CPU
		{5F379F05-5688-48D2-9BFE-08E4D54D360F}.Debug|Any CPU.Build.0 = Debug|Any CPU
		{5F379F05-5688-48D2-9BFE-08E4D54D360F}.Release|Any CPU.ActiveCfg = Release|Any CPU
		{5F379F05-5688-48D2-9BFE-08E4D54D360F}.Release|Any CPU.Build.0 = Release|Any CPU
		{0984F405-AA19-4785-A3ED-76B874D42022}.Debug|Any CPU.ActiveCfg = Debug|Any CPU
		{0984F405-AA19-4785-A3ED-76B874D42022}.Debug|Any CPU.Build.0 = Debug|Any CPU
		{0984F405-AA19-4785-A3ED-76B874D42022}.Release|Any CPU.ActiveCfg = Release|Any CPU
		{0984F405-AA19-4785-A3ED-76B874D42022}.Release|Any CPU.Build.0 = Release|Any CPU
		{1025E8E4-9733-4C08-BDBC-E69E9036C179}.Debug|Any CPU.ActiveCfg = Debug|Any CPU
		{1025E8E4-9733-4C08-BDBC-E69E9036C179}.Debug|Any CPU.Build.0 = Debug|Any CPU
		{1025E8E4-9733-4C08-BDBC-E69E9036C179}.Release|Any CPU.ActiveCfg = Release|Any CPU
		{1025E8E4-9733-4C08-BDBC-E69E9036C179}.Release|Any CPU.Build.0 = Release|Any CPU
		{94EF3613-EF42-4E4C-B5F1-0E51F0E06A7D}.Debug|Any CPU.ActiveCfg = Debug|Any CPU
		{94EF3613-EF42-4E4C-B5F1-0E51F0E06A7D}.Debug|Any CPU.Build.0 = Debug|Any CPU
		{94EF3613-EF42-4E4C-B5F1-0E51F0E06A7D}.Release|Any CPU.ActiveCfg = Release|Any CPU
		{94EF3613-EF42-4E4C-B5F1-0E51F0E06A7D}.Release|Any CPU.Build.0 = Release|Any CPU
		{A56255A2-6A12-4275-A30E-5ACFE7528826}.Debug|Any CPU.ActiveCfg = Debug|Any CPU
		{A56255A2-6A12-4275-A30E-5ACFE7528826}.Debug|Any CPU.Build.0 = Debug|Any CPU
		{A56255A2-6A12-4275-A30E-5ACFE7528826}.Release|Any CPU.ActiveCfg = Release|Any CPU
		{A56255A2-6A12-4275-A30E-5ACFE7528826}.Release|Any CPU.Build.0 = Release|Any CPU
		{21ED9EE9-6939-4968-81BE-6D719B21A96C}.Debug|Any CPU.ActiveCfg = Debug|Any CPU
		{21ED9EE9-6939-4968-81BE-6D719B21A96C}.Debug|Any CPU.Build.0 = Debug|Any CPU
		{21ED9EE9-6939-4968-81BE-6D719B21A96C}.Release|Any CPU.ActiveCfg = Release|Any CPU
		{21ED9EE9-6939-4968-81BE-6D719B21A96C}.Release|Any CPU.Build.0 = Release|Any CPU
		{1936522E-0F9B-4AC5-ADF3-70979C4A514F}.Debug|Any CPU.ActiveCfg = Release|Any CPU
		{1936522E-0F9B-4AC5-ADF3-70979C4A514F}.Release|Any CPU.ActiveCfg = Release|Any CPU
		{1936522E-0F9B-4AC5-ADF3-70979C4A514F}.Release|Any CPU.Build.0 = Release|Any CPU
		{65F7DED7-2FCC-4157-8A98-4F82F0FD4F64}.Debug|Any CPU.ActiveCfg = Release|Any CPU
		{65F7DED7-2FCC-4157-8A98-4F82F0FD4F64}.Release|Any CPU.ActiveCfg = Release|Any CPU
		{65F7DED7-2FCC-4157-8A98-4F82F0FD4F64}.Release|Any CPU.Build.0 = Release|Any CPU
	EndGlobalSection
	GlobalSection(SolutionProperties) = preSolution
		HideSolutionNode = FALSE
	EndGlobalSection
	GlobalSection(NestedProjects) = preSolution
		{1025E8E4-9733-4C08-BDBC-E69E9036C179} = {3E61B79E-0C25-4230-AC38-9BCEEC2F3C25}
		{94EF3613-EF42-4E4C-B5F1-0E51F0E06A7D} = {6C4C5FB7-D70B-4106-A9B6-7125320C5E8D}
		{A56255A2-6A12-4275-A30E-5ACFE7528826} = {3E61B79E-0C25-4230-AC38-9BCEEC2F3C25}
		{21ED9EE9-6939-4968-81BE-6D719B21A96C} = {6C4C5FB7-D70B-4106-A9B6-7125320C5E8D}
		{1936522E-0F9B-4AC5-ADF3-70979C4A514F} = {029EFB23-3335-40CF-BF1C-A4E2A543D40E}
		{65F7DED7-2FCC-4157-8A98-4F82F0FD4F64} = {029EFB23-3335-40CF-BF1C-A4E2A543D40E}
	EndGlobalSection
EndGlobal
