
Microsoft Visual Studio Solution File, Format Version 12.00
# Visual Studio 15
VisualStudioVersion = 15.0.28010.2048
MinimumVisualStudioVersion = 10.0.40219.1
Project("{9A19103F-16F7-4668-BE54-9A1E7A4F7556}") = "Filtering", "src\Filtering\Filtering.csproj", "{5B1D0091-5B3B-4F66-A296-3BCF431FCF15}"
EndProject
Project("{9A19103F-16F7-4668-BE54-9A1E7A4F7556}") = "Filtering.Tests", "src\Filtering.Tests\Filtering.Tests.csproj", "{F643F4B3-9190-44AD-B0A5-6045528C5917}"
EndProject
Project("{2150E333-8FDC-42A3-9474-1A3956D46DE8}") = "Build", "Build", "{010B4B67-1891-4822-A345-79AC23B9AA2C}"
	ProjectSection(SolutionItems) = preProject
		.travis.yml = .travis.yml
		appveyor.yml = appveyor.yml
		docs\tools\build-docs.fsx = docs\tools\build-docs.fsx
		build\build-framework.fsx = build\build-framework.fsx
		build.fsx = build.fsx
		src\Directory.Build.props = src\Directory.Build.props
		build\MathNet.Filtering.Extensions.nuspec = build\MathNet.Filtering.Extensions.nuspec
		build\MathNet.Filtering.nuspec = build\MathNet.Filtering.nuspec
		paket.dependencies = paket.dependencies
		paket.lock = paket.lock
	EndProjectSection
EndProject
Project("{2150E333-8FDC-42A3-9474-1A3956D46DE8}") = "Readme", "Readme", "{A253EF4A-4CAF-487B-A552-A9C0E75E8635}"
	ProjectSection(SolutionItems) = preProject
		CONTRIBUTING.md = CONTRIBUTING.md
		CONTRIBUTORS.md = CONTRIBUTORS.md
		LICENSE.md = LICENSE.md
		README.md = README.md
		RELEASENOTES.md = RELEASENOTES.md
	EndProjectSection
EndProject
Project("{2150E333-8FDC-42A3-9474-1A3956D46DE8}") = "Docs", "Docs", "{61E84DAB-716F-4EA7-9BB2-7EFD6939EF74}"
	ProjectSection(SolutionItems) = preProject
		docs\content\Build.md = docs\content\Build.md
		docs\content\index.fsx = docs\content\index.fsx
		docs\tools\templates\template.cshtml = docs\tools\templates\template.cshtml
	EndProjectSection
EndProject
Project("{9A19103F-16F7-4668-BE54-9A1E7A4F7556}") = "Kalman", "src\Kalman\Kalman.csproj", "{5F379F05-5688-48D2-9BFE-08E4D54D360F}"
EndProject
Project("{9A19103F-16F7-4668-BE54-9A1E7A4F7556}") = "Kalman.Tests", "src\Kalman.Tests\Kalman.Tests.csproj", "{0984F405-AA19-4785-A3ED-76B874D42022}"
EndProject
Global
	GlobalSection(SolutionConfigurationPlatforms) = preSolution
		Debug|Any CPU = Debug|Any CPU
		Release|Any CPU = Release|Any CPU
	EndGlobalSection
	GlobalSection(ProjectConfigurationPlatforms) = postSolution
		{5B1D0091-5B3B-4F66-A296-3BCF431FCF15}.Debug|Any CPU.ActiveCfg = Debug|Any CPU
		{5B1D0091-5B3B-4F66-A296-3BCF431FCF15}.Debug|Any CPU.Build.0 = Debug|Any CPU
		{5B1D0091-5B3B-4F66-A296-3BCF431FCF15}.Release|Any CPU.ActiveCfg = Release|Any CPU
		{5B1D0091-5B3B-4F66-A296-3BCF431FCF15}.Release|Any CPU.Build.0 = Release|Any CPU
		{F643F4B3-9190-44AD-B0A5-6045528C5917}.Debug|Any CPU.ActiveCfg = Debug|Any CPU
		{F643F4B3-9190-44AD-B0A5-6045528C5917}.Debug|Any CPU.Build.0 = Debug|Any CPU
		{F643F4B3-9190-44AD-B0A5-6045528C5917}.Release|Any CPU.ActiveCfg = Release|Any CPU
		{F643F4B3-9190-44AD-B0A5-6045528C5917}.Release|Any CPU.Build.0 = Release|Any CPU
		{5F379F05-5688-48D2-9BFE-08E4D54D360F}.Debug|Any CPU.ActiveCfg = Debug|Any CPU
		{5F379F05-5688-48D2-9BFE-08E4D54D360F}.Debug|Any CPU.Build.0 = Debug|Any CPU
		{5F379F05-5688-48D2-9BFE-08E4D54D360F}.Release|Any CPU.ActiveCfg = Release|Any CPU
		{5F379F05-5688-48D2-9BFE-08E4D54D360F}.Release|Any CPU.Build.0 = Release|Any CPU
		{0984F405-AA19-4785-A3ED-76B874D42022}.Debug|Any CPU.ActiveCfg = Debug|Any CPU
		{0984F405-AA19-4785-A3ED-76B874D42022}.Debug|Any CPU.Build.0 = Debug|Any CPU
		{0984F405-AA19-4785-A3ED-76B874D42022}.Release|Any CPU.ActiveCfg = Release|Any CPU
		{0984F405-AA19-4785-A3ED-76B874D42022}.Release|Any CPU.Build.0 = Release|Any CPU
	EndGlobalSection
	GlobalSection(SolutionProperties) = preSolution
		HideSolutionNode = FALSE
	EndGlobalSection
	GlobalSection(ExtensibilityGlobals) = postSolution
		SolutionGuid = {0DD95246-F638-437A-B60B-9775CE26B9ED}
	EndGlobalSection
EndGlobal
