
Microsoft Visual Studio Solution File, Format Version 9.00
# Visual Studio 2005
Project("{FAE04EC0-301F-11D3-BF4B-00C04F79EFBC}") = "MathNet.Iridium.DocSite", "MathNet.Iridium.DocSite.csproj", "{C40BCE68-9AAE-49CB-A356-DE71A5AA8F80}"
	ProjectSection(WebsiteProperties) = preProject
		Debug.AspNetCompiler.Debug = "True"
		Release.AspNetCompiler.Debug = "False"
	EndProjectSection
EndProject
Global
	GlobalSection(SolutionConfigurationPlatforms) = preSolution
		Debug|Any CPU = Debug|Any CPU
		Release|Any CPU = Release|Any CPU
	EndGlobalSection
	GlobalSection(ProjectConfigurationPlatforms) = postSolution
		{C40BCE68-9AAE-49CB-A356-DE71A5AA8F80}.Debug|Any CPU.ActiveCfg = Debug|Any CPU
		{C40BCE68-9AAE-49CB-A356-DE71A5AA8F80}.Debug|Any CPU.Build.0 = Debug|Any CPU
		{C40BCE68-9AAE-49CB-A356-DE71A5AA8F80}.Release|Any CPU.ActiveCfg = Release|Any CPU
		{C40BCE68-9AAE-49CB-A356-DE71A5AA8F80}.Release|Any CPU.Build.0 = Release|Any CPU
	EndGlobalSection
	GlobalSection(SolutionProperties) = preSolution
		HideSolutionNode = FALSE
	EndGlobalSection
EndGlobal
